// !$*UTF8*$!
{
	archiveVersion = 1;
	classes = {
	};
	objectVersion = 55;
	objects = {

/* Begin PBXBuildFile section */
		4522228A2D62036A00F78DFD /* NetworkManager.swift in Sources */ = {isa = PBXBuildFile; fileRef = 452222892D62036A00F78DFD /* NetworkManager.swift */; };
		4522228C2D62039100F78DFD /* User.swift in Sources */ = {isa = PBXBuildFile; fileRef = 4522228B2D62039100F78DFD /* User.swift */; };
		4522228F2D6205BE00F78DFD /* UserListViewModel.swift in Sources */ = {isa = PBXBuildFile; fileRef = 4522228E2D6205BE00F78DFD /* UserListViewModel.swift */; };
		452222932D62214F00F78DFD /* UserListViewController.swift in Sources */ = {isa = PBXBuildFile; fileRef = 452222922D62214F00F78DFD /* UserListViewController.swift */; };
		452222952D6221BB00F78DFD /* UserDetailViewController.swift in Sources */ = {isa = PBXBuildFile; fileRef = 452222942D6221BB00F78DFD /* UserDetailViewController.swift */; };
		452222972D6235F500F78DFD /* UserTableViewCell.swift in Sources */ = {isa = PBXBuildFile; fileRef = 452222962D6235F500F78DFD /* UserTableViewCell.swift */; };
		452222992D6236FE00F78DFD /* UserDetailTableViewCell.swift in Sources */ = {isa = PBXBuildFile; fileRef = 452222982D6236FE00F78DFD /* UserDetailTableViewCell.swift */; };
		4522229C2D62583600F78DFD /* UserRepository.swift in Sources */ = {isa = PBXBuildFile; fileRef = 4522229B2D62583500F78DFD /* UserRepository.swift */; };
		4522229E2D62618100F78DFD /* UserListViewModelTests.swift in Sources */ = {isa = PBXBuildFile; fileRef = 4522229D2D62618100F78DFD /* UserListViewModelTests.swift */; };
		452222A02D626C9A00F78DFD /* UserRepositoryTests.swift in Sources */ = {isa = PBXBuildFile; fileRef = 4522229F2D626C9A00F78DFD /* UserRepositoryTests.swift */; };
		452222A22D626D7300F78DFD /* NetworkManagerTests.swift in Sources */ = {isa = PBXBuildFile; fileRef = 452222A12D626D7300F78DFD /* NetworkManagerTests.swift */; };
		45333E9B2D5C99900062C933 /* AppDelegate.swift in Sources */ = {isa = PBXBuildFile; fileRef = 45333E9A2D5C99900062C933 /* AppDelegate.swift */; };
		45333E9D2D5C99900062C933 /* SceneDelegate.swift in Sources */ = {isa = PBXBuildFile; fileRef = 45333E9C2D5C99900062C933 /* SceneDelegate.swift */; };
		45333E9F2D5C99900062C933 /* ViewController.swift in Sources */ = {isa = PBXBuildFile; fileRef = 45333E9E2D5C99900062C933 /* ViewController.swift */; };
		45333EA22D5C99900062C933 /* Main.storyboard in Resources */ = {isa = PBXBuildFile; fileRef = 45333EA02D5C99900062C933 /* Main.storyboard */; };
		45333EA42D5C99960062C933 /* Assets.xcassets in Resources */ = {isa = PBXBuildFile; fileRef = 45333EA32D5C99960062C933 /* Assets.xcassets */; };
		45333EA72D5C99960062C933 /* LaunchScreen.storyboard in Resources */ = {isa = PBXBuildFile; fileRef = 45333EA52D5C99960062C933 /* LaunchScreen.storyboard */; };
		45333EB22D5C99960062C933 /* caseAppTests.swift in Sources */ = {isa = PBXBuildFile; fileRef = 45333EB12D5C99960062C933 /* caseAppTests.swift */; };
		45333EBC2D5C99960062C933 /* caseAppUITests.swift in Sources */ = {isa = PBXBuildFile; fileRef = 45333EBB2D5C99960062C933 /* caseAppUITests.swift */; };
		45333EBE2D5C99960062C933 /* caseAppUITestsLaunchTests.swift in Sources */ = {isa = PBXBuildFile; fileRef = 45333EBD2D5C99960062C933 /* caseAppUITestsLaunchTests.swift */; };
/* End PBXBuildFile section */

/* Begin PBXContainerItemProxy section */
		45333EAE2D5C99960062C933 /* PBXContainerItemProxy */ = {
			isa = PBXContainerItemProxy;
			containerPortal = 45333E8F2D5C99900062C933 /* Project object */;
			proxyType = 1;
			remoteGlobalIDString = 45333E962D5C99900062C933;
			remoteInfo = caseApp;
		};
		45333EB82D5C99960062C933 /* PBXContainerItemProxy */ = {
			isa = PBXContainerItemProxy;
			containerPortal = 45333E8F2D5C99900062C933 /* Project object */;
			proxyType = 1;
			remoteGlobalIDString = 45333E962D5C99900062C933;
			remoteInfo = caseApp;
		};
/* End PBXContainerItemProxy section */

/* Begin PBXFileReference section */
		452222892D62036A00F78DFD /* NetworkManager.swift */ = {isa = PBXFileReference; lastKnownFileType = sourcecode.swift; path = NetworkManager.swift; sourceTree = "<group>"; };
		4522228B2D62039100F78DFD /* User.swift */ = {isa = PBXFileReference; lastKnownFileType = sourcecode.swift; path = User.swift; sourceTree = "<group>"; };
		4522228E2D6205BE00F78DFD /* UserListViewModel.swift */ = {isa = PBXFileReference; lastKnownFileType = sourcecode.swift; path = UserListViewModel.swift; sourceTree = "<group>"; };
		452222922D62214F00F78DFD /* UserListViewController.swift */ = {isa = PBXFileReference; lastKnownFileType = sourcecode.swift; path = UserListViewController.swift; sourceTree = "<group>"; };
		452222942D6221BB00F78DFD /* UserDetailViewController.swift */ = {isa = PBXFileReference; lastKnownFileType = sourcecode.swift; path = UserDetailViewController.swift; sourceTree = "<group>"; };
		452222962D6235F500F78DFD /* UserTableViewCell.swift */ = {isa = PBXFileReference; lastKnownFileType = sourcecode.swift; path = UserTableViewCell.swift; sourceTree = "<group>"; };
		452222982D6236FE00F78DFD /* UserDetailTableViewCell.swift */ = {isa = PBXFileReference; lastKnownFileType = sourcecode.swift; path = UserDetailTableViewCell.swift; sourceTree = "<group>"; };
		4522229B2D62583500F78DFD /* UserRepository.swift */ = {isa = PBXFileReference; lastKnownFileType = sourcecode.swift; path = UserRepository.swift; sourceTree = "<group>"; };
		4522229D2D62618100F78DFD /* UserListViewModelTests.swift */ = {isa = PBXFileReference; lastKnownFileType = sourcecode.swift; path = UserListViewModelTests.swift; sourceTree = "<group>"; };
		4522229F2D626C9A00F78DFD /* UserRepositoryTests.swift */ = {isa = PBXFileReference; lastKnownFileType = sourcecode.swift; path = UserRepositoryTests.swift; sourceTree = "<group>"; };
		452222A12D626D7300F78DFD /* NetworkManagerTests.swift */ = {isa = PBXFileReference; lastKnownFileType = sourcecode.swift; path = NetworkManagerTests.swift; sourceTree = "<group>"; };
		45333E972D5C99900062C933 /* caseApp.app */ = {isa = PBXFileReference; explicitFileType = wrapper.application; includeInIndex = 0; path = caseApp.app; sourceTree = BUILT_PRODUCTS_DIR; };
		45333E9A2D5C99900062C933 /* AppDelegate.swift */ = {isa = PBXFileReference; lastKnownFileType = sourcecode.swift; path = AppDelegate.swift; sourceTree = "<group>"; };
		45333E9C2D5C99900062C933 /* SceneDelegate.swift */ = {isa = PBXFileReference; lastKnownFileType = sourcecode.swift; path = SceneDelegate.swift; sourceTree = "<group>"; };
		45333E9E2D5C99900062C933 /* ViewController.swift */ = {isa = PBXFileReference; lastKnownFileType = sourcecode.swift; path = ViewController.swift; sourceTree = "<group>"; };
		45333EA12D5C99900062C933 /* Base */ = {isa = PBXFileReference; lastKnownFileType = file.storyboard; name = Base; path = Base.lproj/Main.storyboard; sourceTree = "<group>"; };
		45333EA32D5C99960062C933 /* Assets.xcassets */ = {isa = PBXFileReference; lastKnownFileType = folder.assetcatalog; path = Assets.xcassets; sourceTree = "<group>"; };
		45333EA62D5C99960062C933 /* Base */ = {isa = PBXFileReference; lastKnownFileType = file.storyboard; name = Base; path = Base.lproj/LaunchScreen.storyboard; sourceTree = "<group>"; };
		45333EA82D5C99960062C933 /* Info.plist */ = {isa = PBXFileReference; lastKnownFileType = text.plist.xml; path = Info.plist; sourceTree = "<group>"; };
		45333EAD2D5C99960062C933 /* caseAppTests.xctest */ = {isa = PBXFileReference; explicitFileType = wrapper.cfbundle; includeInIndex = 0; path = caseAppTests.xctest; sourceTree = BUILT_PRODUCTS_DIR; };
		45333EB12D5C99960062C933 /* caseAppTests.swift */ = {isa = PBXFileReference; lastKnownFileType = sourcecode.swift; path = caseAppTests.swift; sourceTree = "<group>"; };
		45333EB72D5C99960062C933 /* caseAppUITests.xctest */ = {isa = PBXFileReference; explicitFileType = wrapper.cfbundle; includeInIndex = 0; path = caseAppUITests.xctest; sourceTree = BUILT_PRODUCTS_DIR; };
		45333EBB2D5C99960062C933 /* caseAppUITests.swift */ = {isa = PBXFileReference; lastKnownFileType = sourcecode.swift; path = caseAppUITests.swift; sourceTree = "<group>"; };
		45333EBD2D5C99960062C933 /* caseAppUITestsLaunchTests.swift */ = {isa = PBXFileReference; lastKnownFileType = sourcecode.swift; path = caseAppUITestsLaunchTests.swift; sourceTree = "<group>"; };
/* End PBXFileReference section */

/* Begin PBXFrameworksBuildPhase section */
		45333E942D5C99900062C933 /* Frameworks */ = {
			isa = PBXFrameworksBuildPhase;
			buildActionMask = 2147483647;
			files = (
			);
			runOnlyForDeploymentPostprocessing = 0;
		};
		45333EAA2D5C99960062C933 /* Frameworks */ = {
			isa = PBXFrameworksBuildPhase;
			buildActionMask = 2147483647;
			files = (
			);
			runOnlyForDeploymentPostprocessing = 0;
		};
		45333EB42D5C99960062C933 /* Frameworks */ = {
			isa = PBXFrameworksBuildPhase;
			buildActionMask = 2147483647;
			files = (
			);
			runOnlyForDeploymentPostprocessing = 0;
		};
/* End PBXFrameworksBuildPhase section */

/* Begin PBXGroup section */
		452222882D62032C00F78DFD /* Networking */ = {
			isa = PBXGroup;
			children = (
				452222892D62036A00F78DFD /* NetworkManager.swift */,
			);
			path = Networking;
			sourceTree = "<group>";
		};
		4522228D2D62059900F78DFD /* ViewModel */ = {
			isa = PBXGroup;
			children = (
				4522228E2D6205BE00F78DFD /* UserListViewModel.swift */,
			);
			path = ViewModel;
			sourceTree = "<group>";
		};
		452222902D6205EF00F78DFD /* Model */ = {
			isa = PBXGroup;
			children = (
				4522228B2D62039100F78DFD /* User.swift */,
			);
			path = Model;
			sourceTree = "<group>";
		};
		452222912D6206A700F78DFD /* ViewController */ = {
			isa = PBXGroup;
			children = (
				452222922D62214F00F78DFD /* UserListViewController.swift */,
				452222942D6221BB00F78DFD /* UserDetailViewController.swift */,
				452222962D6235F500F78DFD /* UserTableViewCell.swift */,
				452222982D6236FE00F78DFD /* UserDetailTableViewCell.swift */,
			);
			path = ViewController;
			sourceTree = "<group>";
		};
		4522229A2D62582300F78DFD /* Repository */ = {
			isa = PBXGroup;
			children = (
				4522229B2D62583500F78DFD /* UserRepository.swift */,
			);
			path = Repository;
			sourceTree = "<group>";
		};
		45333E8E2D5C99900062C933 = {
			isa = PBXGroup;
			children = (
				4522229A2D62582300F78DFD /* Repository */,
				452222912D6206A700F78DFD /* ViewController */,
				452222902D6205EF00F78DFD /* Model */,
				4522228D2D62059900F78DFD /* ViewModel */,
				452222882D62032C00F78DFD /* Networking */,
				45333E992D5C99900062C933 /* caseApp */,
				45333EB02D5C99960062C933 /* caseAppTests */,
				45333EBA2D5C99960062C933 /* caseAppUITests */,
				45333E982D5C99900062C933 /* Products */,
			);
			sourceTree = "<group>";
		};
		45333E982D5C99900062C933 /* Products */ = {
			isa = PBXGroup;
			children = (
				45333E972D5C99900062C933 /* caseApp.app */,
				45333EAD2D5C99960062C933 /* caseAppTests.xctest */,
				45333EB72D5C99960062C933 /* caseAppUITests.xctest */,
			);
			name = Products;
			sourceTree = "<group>";
		};
		45333E992D5C99900062C933 /* caseApp */ = {
			isa = PBXGroup;
			children = (
				45333E9A2D5C99900062C933 /* AppDelegate.swift */,
				45333E9C2D5C99900062C933 /* SceneDelegate.swift */,
				45333E9E2D5C99900062C933 /* ViewController.swift */,
				45333EA02D5C99900062C933 /* Main.storyboard */,
				45333EA32D5C99960062C933 /* Assets.xcassets */,
				45333EA52D5C99960062C933 /* LaunchScreen.storyboard */,
				45333EA82D5C99960062C933 /* Info.plist */,
			);
			path = caseApp;
			sourceTree = "<group>";
		};
		45333EB02D5C99960062C933 /* caseAppTests */ = {
			isa = PBXGroup;
			children = (
				45333EB12D5C99960062C933 /* caseAppTests.swift */,
				4522229D2D62618100F78DFD /* UserListViewModelTests.swift */,
				4522229F2D626C9A00F78DFD /* UserRepositoryTests.swift */,
				452222A12D626D7300F78DFD /* NetworkManagerTests.swift */,
			);
			path = caseAppTests;
			sourceTree = "<group>";
		};
		45333EBA2D5C99960062C933 /* caseAppUITests */ = {
			isa = PBXGroup;
			children = (
				45333EBB2D5C99960062C933 /* caseAppUITests.swift */,
				45333EBD2D5C99960062C933 /* caseAppUITestsLaunchTests.swift */,
			);
			path = caseAppUITests;
			sourceTree = "<group>";
		};
/* End PBXGroup section */

/* Begin PBXNativeTarget section */
		45333E962D5C99900062C933 /* caseApp */ = {
			isa = PBXNativeTarget;
			buildConfigurationList = 45333EC12D5C99960062C933 /* Build configuration list for PBXNativeTarget "caseApp" */;
			buildPhases = (
				45333E932D5C99900062C933 /* Sources */,
				45333E942D5C99900062C933 /* Frameworks */,
				45333E952D5C99900062C933 /* Resources */,
			);
			buildRules = (
			);
			dependencies = (
			);
			name = caseApp;
			productName = caseApp;
			productReference = 45333E972D5C99900062C933 /* caseApp.app */;
			productType = "com.apple.product-type.application";
		};
		45333EAC2D5C99960062C933 /* caseAppTests */ = {
			isa = PBXNativeTarget;
			buildConfigurationList = 45333EC42D5C99960062C933 /* Build configuration list for PBXNativeTarget "caseAppTests" */;
			buildPhases = (
				45333EA92D5C99960062C933 /* Sources */,
				45333EAA2D5C99960062C933 /* Frameworks */,
				45333EAB2D5C99960062C933 /* Resources */,
			);
			buildRules = (
			);
			dependencies = (
				45333EAF2D5C99960062C933 /* PBXTargetDependency */,
			);
			name = caseAppTests;
			productName = caseAppTests;
			productReference = 45333EAD2D5C99960062C933 /* caseAppTests.xctest */;
			productType = "com.apple.product-type.bundle.unit-test";
		};
		45333EB62D5C99960062C933 /* caseAppUITests */ = {
			isa = PBXNativeTarget;
			buildConfigurationList = 45333EC72D5C99960062C933 /* Build configuration list for PBXNativeTarget "caseAppUITests" */;
			buildPhases = (
				45333EB32D5C99960062C933 /* Sources */,
				45333EB42D5C99960062C933 /* Frameworks */,
				45333EB52D5C99960062C933 /* Resources */,
			);
			buildRules = (
			);
			dependencies = (
				45333EB92D5C99960062C933 /* PBXTargetDependency */,
			);
			name = caseAppUITests;
			productName = caseAppUITests;
			productReference = 45333EB72D5C99960062C933 /* caseAppUITests.xctest */;
			productType = "com.apple.product-type.bundle.ui-testing";
		};
/* End PBXNativeTarget section */

/* Begin PBXProject section */
		45333E8F2D5C99900062C933 /* Project object */ = {
			isa = PBXProject;
			attributes = {
				BuildIndependentTargetsInParallel = 1;
				LastSwiftUpdateCheck = 1320;
				LastUpgradeCheck = 1320;
				TargetAttributes = {
					45333E962D5C99900062C933 = {
						CreatedOnToolsVersion = 13.2.1;
					};
					45333EAC2D5C99960062C933 = {
						CreatedOnToolsVersion = 13.2.1;
						TestTargetID = 45333E962D5C99900062C933;
					};
					45333EB62D5C99960062C933 = {
						CreatedOnToolsVersion = 13.2.1;
						TestTargetID = 45333E962D5C99900062C933;
					};
				};
			};
			buildConfigurationList = 45333E922D5C99900062C933 /* Build configuration list for PBXProject "caseApp" */;
			compatibilityVersion = "Xcode 13.0";
			developmentRegion = en;
			hasScannedForEncodings = 0;
			knownRegions = (
				en,
				Base,
			);
			mainGroup = 45333E8E2D5C99900062C933;
			productRefGroup = 45333E982D5C99900062C933 /* Products */;
			projectDirPath = "";
			projectRoot = "";
			targets = (
				45333E962D5C99900062C933 /* caseApp */,
				45333EAC2D5C99960062C933 /* caseAppTests */,
				45333EB62D5C99960062C933 /* caseAppUITests */,
			);
		};
/* End PBXProject section */

/* Begin PBXResourcesBuildPhase section */
		45333E952D5C99900062C933 /* Resources */ = {
			isa = PBXResourcesBuildPhase;
			buildActionMask = 2147483647;
			files = (
				45333EA72D5C99960062C933 /* LaunchScreen.storyboard in Resources */,
				45333EA42D5C99960062C933 /* Assets.xcassets in Resources */,
				45333EA22D5C99900062C933 /* Main.storyboard in Resources */,
			);
			runOnlyForDeploymentPostprocessing = 0;
		};
		45333EAB2D5C99960062C933 /* Resources */ = {
			isa = PBXResourcesBuildPhase;
			buildActionMask = 2147483647;
			files = (
			);
			runOnlyForDeploymentPostprocessing = 0;
		};
		45333EB52D5C99960062C933 /* Resources */ = {
			isa = PBXResourcesBuildPhase;
			buildActionMask = 2147483647;
			files = (
			);
			runOnlyForDeploymentPostprocessing = 0;
		};
/* End PBXResourcesBuildPhase section */

/* Begin PBXSourcesBuildPhase section */
		45333E932D5C99900062C933 /* Sources */ = {
			isa = PBXSourcesBuildPhase;
			buildActionMask = 2147483647;
			files = (
				4522229C2D62583600F78DFD /* UserRepository.swift in Sources */,
				452222932D62214F00F78DFD /* UserListViewController.swift in Sources */,
				452222972D6235F500F78DFD /* UserTableViewCell.swift in Sources */,
				4522228A2D62036A00F78DFD /* NetworkManager.swift in Sources */,
				452222952D6221BB00F78DFD /* UserDetailViewController.swift in Sources */,
				4522228F2D6205BE00F78DFD /* UserListViewModel.swift in Sources */,
				452222992D6236FE00F78DFD /* UserDetailTableViewCell.swift in Sources */,
				45333E9F2D5C99900062C933 /* ViewController.swift in Sources */,
				45333E9B2D5C99900062C933 /* AppDelegate.swift in Sources */,
				4522228C2D62039100F78DFD /* User.swift in Sources */,
				45333E9D2D5C99900062C933 /* SceneDelegate.swift in Sources */,
			);
			runOnlyForDeploymentPostprocessing = 0;
		};
		45333EA92D5C99960062C933 /* Sources */ = {
			isa = PBXSourcesBuildPhase;
			buildActionMask = 2147483647;
			files = (
				452222A22D626D7300F78DFD /* NetworkManagerTests.swift in Sources */,
				45333EB22D5C99960062C933 /* caseAppTests.swift in Sources */,
				452222A02D626C9A00F78DFD /* UserRepositoryTests.swift in Sources */,
				4522229E2D62618100F78DFD /* UserListViewModelTests.swift in Sources */,
			);
			runOnlyForDeploymentPostprocessing = 0;
		};
		45333EB32D5C99960062C933 /* Sources */ = {
			isa = PBXSourcesBuildPhase;
			buildActionMask = 2147483647;
			files = (
				45333EBE2D5C99960062C933 /* caseAppUITestsLaunchTests.swift in Sources */,
				45333EBC2D5C99960062C933 /* caseAppUITests.swift in Sources */,
			);
			runOnlyForDeploymentPostprocessing = 0;
		};
/* End PBXSourcesBuildPhase section */

/* Begin PBXTargetDependency section */
		45333EAF2D5C99960062C933 /* PBXTargetDependency */ = {
			isa = PBXTargetDependency;
			target = 45333E962D5C99900062C933 /* caseApp */;
			targetProxy = 45333EAE2D5C99960062C933 /* PBXContainerItemProxy */;
		};
		45333EB92D5C99960062C933 /* PBXTargetDependency */ = {
			isa = PBXTargetDependency;
			target = 45333E962D5C99900062C933 /* caseApp */;
			targetProxy = 45333EB82D5C99960062C933 /* PBXContainerItemProxy */;
		};
/* End PBXTargetDependency section */

/* Begin PBXVariantGroup section */
		45333EA02D5C99900062C933 /* Main.storyboard */ = {
			isa = PBXVariantGroup;
			children = (
				45333EA12D5C99900062C933 /* Base */,
			);
			name = Main.storyboard;
			sourceTree = "<group>";
		};
		45333EA52D5C99960062C933 /* LaunchScreen.storyboard */ = {
			isa = PBXVariantGroup;
			children = (
				45333EA62D5C99960062C933 /* Base */,
			);
			name = LaunchScreen.storyboard;
			sourceTree = "<group>";
		};
/* End PBXVariantGroup section */

/* Begin XCBuildConfiguration section */
		45333EBF2D5C99960062C933 /* Debug */ = {
			isa = XCBuildConfiguration;
			buildSettings = {
				ALWAYS_SEARCH_USER_PATHS = NO;
				CLANG_ANALYZER_NONNULL = YES;
				CLANG_ANALYZER_NUMBER_OBJECT_CONVERSION = YES_AGGRESSIVE;
				CLANG_CXX_LANGUAGE_STANDARD = "gnu++17";
				CLANG_CXX_LIBRARY = "libc++";
				CLANG_ENABLE_MODULES = YES;
				CLANG_ENABLE_OBJC_ARC = YES;
				CLANG_ENABLE_OBJC_WEAK = YES;
				CLANG_WARN_BLOCK_CAPTURE_AUTORELEASING = YES;
				CLANG_WARN_BOOL_CONVERSION = YES;
				CLANG_WARN_COMMA = YES;
				CLANG_WARN_CONSTANT_CONVERSION = YES;
				CLANG_WARN_DEPRECATED_OBJC_IMPLEMENTATIONS = YES;
				CLANG_WARN_DIRECT_OBJC_ISA_USAGE = YES_ERROR;
				CLANG_WARN_DOCUMENTATION_COMMENTS = YES;
				CLANG_WARN_EMPTY_BODY = YES;
				CLANG_WARN_ENUM_CONVERSION = YES;
				CLANG_WARN_INFINITE_RECURSION = YES;
				CLANG_WARN_INT_CONVERSION = YES;
				CLANG_WARN_NON_LITERAL_NULL_CONVERSION = YES;
				CLANG_WARN_OBJC_IMPLICIT_RETAIN_SELF = YES;
				CLANG_WARN_OBJC_LITERAL_CONVERSION = YES;
				CLANG_WARN_OBJC_ROOT_CLASS = YES_ERROR;
				CLANG_WARN_QUOTED_INCLUDE_IN_FRAMEWORK_HEADER = YES;
				CLANG_WARN_RANGE_LOOP_ANALYSIS = YES;
				CLANG_WARN_STRICT_PROTOTYPES = YES;
				CLANG_WARN_SUSPICIOUS_MOVE = YES;
				CLANG_WARN_UNGUARDED_AVAILABILITY = YES_AGGRESSIVE;
				CLANG_WARN_UNREACHABLE_CODE = YES;
				CLANG_WARN__DUPLICATE_METHOD_MATCH = YES;
				COPY_PHASE_STRIP = NO;
				DEBUG_INFORMATION_FORMAT = dwarf;
				ENABLE_STRICT_OBJC_MSGSEND = YES;
				ENABLE_TESTABILITY = YES;
				GCC_C_LANGUAGE_STANDARD = gnu11;
				GCC_DYNAMIC_NO_PIC = NO;
				GCC_NO_COMMON_BLOCKS = YES;
				GCC_OPTIMIZATION_LEVEL = 0;
				GCC_PREPROCESSOR_DEFINITIONS = (
					"DEBUG=1",
					"$(inherited)",
				);
				GCC_WARN_64_TO_32_BIT_CONVERSION = YES;
				GCC_WARN_ABOUT_RETURN_TYPE = YES_ERROR;
				GCC_WARN_UNDECLARED_SELECTOR = YES;
				GCC_WARN_UNINITIALIZED_AUTOS = YES_AGGRESSIVE;
				GCC_WARN_UNUSED_FUNCTION = YES;
				GCC_WARN_UNUSED_VARIABLE = YES;
				IPHONEOS_DEPLOYMENT_TARGET = 15.2;
				MTL_ENABLE_DEBUG_INFO = INCLUDE_SOURCE;
				MTL_FAST_MATH = YES;
				ONLY_ACTIVE_ARCH = YES;
				SDKROOT = iphoneos;
				SWIFT_ACTIVE_COMPILATION_CONDITIONS = DEBUG;
				SWIFT_OPTIMIZATION_LEVEL = "-Onone";
			};
			name = Debug;
		};
		45333EC02D5C99960062C933 /* Release */ = {
			isa = XCBuildConfiguration;
			buildSettings = {
				ALWAYS_SEARCH_USER_PATHS = NO;
				CLANG_ANALYZER_NONNULL = YES;
				CLANG_ANALYZER_NUMBER_OBJECT_CONVERSION = YES_AGGRESSIVE;
				CLANG_CXX_LANGUAGE_STANDARD = "gnu++17";
				CLANG_CXX_LIBRARY = "libc++";
				CLANG_ENABLE_MODULES = YES;
				CLANG_ENABLE_OBJC_ARC = YES;
				CLANG_ENABLE_OBJC_WEAK = YES;
				CLANG_WARN_BLOCK_CAPTURE_AUTORELEASING = YES;
				CLANG_WARN_BOOL_CONVERSION = YES;
				CLANG_WARN_COMMA = YES;
				CLANG_WARN_CONSTANT_CONVERSION = YES;
				CLANG_WARN_DEPRECATED_OBJC_IMPLEMENTATIONS = YES;
				CLANG_WARN_DIRECT_OBJC_ISA_USAGE = YES_ERROR;
				CLANG_WARN_DOCUMENTATION_COMMENTS = YES;
				CLANG_WARN_EMPTY_BODY = YES;
				CLANG_WARN_ENUM_CONVERSION = YES;
				CLANG_WARN_INFINITE_RECURSION = YES;
				CLANG_WARN_INT_CONVERSION = YES;
				CLANG_WARN_NON_LITERAL_NULL_CONVERSION = YES;
				CLANG_WARN_OBJC_IMPLICIT_RETAIN_SELF = YES;
				CLANG_WARN_OBJC_LITERAL_CONVERSION = YES;
				CLANG_WARN_OBJC_ROOT_CLASS = YES_ERROR;
				CLANG_WARN_QUOTED_INCLUDE_IN_FRAMEWORK_HEADER = YES;
				CLANG_WARN_RANGE_LOOP_ANALYSIS = YES;
				CLANG_WARN_STRICT_PROTOTYPES = YES;
				CLANG_WARN_SUSPICIOUS_MOVE = YES;
				CLANG_WARN_UNGUARDED_AVAILABILITY = YES_AGGRESSIVE;
				CLANG_WARN_UNREACHABLE_CODE = YES;
				CLANG_WARN__DUPLICATE_METHOD_MATCH = YES;
				COPY_PHASE_STRIP = NO;
				DEBUG_INFORMATION_FORMAT = "dwarf-with-dsym";
				ENABLE_NS_ASSERTIONS = NO;
				ENABLE_STRICT_OBJC_MSGSEND = YES;
				GCC_C_LANGUAGE_STANDARD = gnu11;
				GCC_NO_COMMON_BLOCKS = YES;
				GCC_WARN_64_TO_32_BIT_CONVERSION = YES;
				GCC_WARN_ABOUT_RETURN_TYPE = YES_ERROR;
				GCC_WARN_UNDECLARED_SELECTOR = YES;
				GCC_WARN_UNINITIALIZED_AUTOS = YES_AGGRESSIVE;
				GCC_WARN_UNUSED_FUNCTION = YES;
				GCC_WARN_UNUSED_VARIABLE = YES;
				IPHONEOS_DEPLOYMENT_TARGET = 15.2;
				MTL_ENABLE_DEBUG_INFO = NO;
				MTL_FAST_MATH = YES;
				SDKROOT = iphoneos;
				SWIFT_COMPILATION_MODE = wholemodule;
				SWIFT_OPTIMIZATION_LEVEL = "-O";
				VALIDATE_PRODUCT = YES;
			};
			name = Release;
		};
		45333EC22D5C99960062C933 /* Debug */ = {
			isa = XCBuildConfiguration;
			buildSettings = {
				ASSETCATALOG_COMPILER_APPICON_NAME = AppIcon;
				ASSETCATALOG_COMPILER_GLOBAL_ACCENT_COLOR_NAME = AccentColor;
				CODE_SIGN_STYLE = Automatic;
				CURRENT_PROJECT_VERSION = 1;
				GENERATE_INFOPLIST_FILE = YES;
				INFOPLIST_FILE = caseApp/Info.plist;
				INFOPLIST_KEY_CFBundleDisplayName = caseApp;
				INFOPLIST_KEY_UIApplicationSupportsIndirectInputEvents = YES;
				INFOPLIST_KEY_UILaunchStoryboardName = LaunchScreen;
				INFOPLIST_KEY_UIMainStoryboardFile = Main;
				INFOPLIST_KEY_UISupportedInterfaceOrientations_iPad = "UIInterfaceOrientationPortrait UIInterfaceOrientationPortraitUpsideDown UIInterfaceOrientationLandscapeLeft UIInterfaceOrientationLandscapeRight";
				INFOPLIST_KEY_UISupportedInterfaceOrientations_iPhone = "UIInterfaceOrientationPortrait UIInterfaceOrientationLandscapeLeft UIInterfaceOrientationLandscapeRight";
				LD_RUNPATH_SEARCH_PATHS = (
					"$(inherited)",
					"@executable_path/Frameworks",
				);
				MARKETING_VERSION = 1.0;
				PRODUCT_BUNDLE_IDENTIFIER = com.caseApp.swift.caseApp;
				PRODUCT_NAME = "$(TARGET_NAME)";
				SWIFT_EMIT_LOC_STRINGS = YES;
				SWIFT_VERSION = 5.0;
				TARGETED_DEVICE_FAMILY = "1,2";
			};
			name = Debug;
		};
		45333EC32D5C99960062C933 /* Release */ = {
			isa = XCBuildConfiguration;
			buildSettings = {
				ASSETCATALOG_COMPILER_APPICON_NAME = AppIcon;
				ASSETCATALOG_COMPILER_GLOBAL_ACCENT_COLOR_NAME = AccentColor;
				CODE_SIGN_STYLE = Automatic;
				CURRENT_PROJECT_VERSION = 1;
				GENERATE_INFOPLIST_FILE = YES;
				INFOPLIST_FILE = caseApp/Info.plist;
				INFOPLIST_KEY_CFBundleDisplayName = caseApp;
				INFOPLIST_KEY_UIApplicationSupportsIndirectInputEvents = YES;
				INFOPLIST_KEY_UILaunchStoryboardName = LaunchScreen;
				INFOPLIST_KEY_UIMainStoryboardFile = Main;
				INFOPLIST_KEY_UISupportedInterfaceOrientations_iPad = "UIInterfaceOrientationPortrait UIInterfaceOrientationPortraitUpsideDown UIInterfaceOrientationLandscapeLeft UIInterfaceOrientationLandscapeRight";
				INFOPLIST_KEY_UISupportedInterfaceOrientations_iPhone = "UIInterfaceOrientationPortrait UIInterfaceOrientationLandscapeLeft UIInterfaceOrientationLandscapeRight";
				LD_RUNPATH_SEARCH_PATHS = (
					"$(inherited)",
					"@executable_path/Frameworks",
				);
				MARKETING_VERSION = 1.0;
				PRODUCT_BUNDLE_IDENTIFIER = com.caseApp.swift.caseApp;
				PRODUCT_NAME = "$(TARGET_NAME)";
				SWIFT_EMIT_LOC_STRINGS = YES;
				SWIFT_VERSION = 5.0;
				TARGETED_DEVICE_FAMILY = "1,2";
			};
			name = Release;
		};
		45333EC52D5C99960062C933 /* Debug */ = {
			isa = XCBuildConfiguration;
			buildSettings = {
				ALWAYS_EMBED_SWIFT_STANDARD_LIBRARIES = YES;
				BUNDLE_LOADER = "$(TEST_HOST)";
				CODE_SIGN_STYLE = Automatic;
				CURRENT_PROJECT_VERSION = 1;
				GENERATE_INFOPLIST_FILE = YES;
				IPHONEOS_DEPLOYMENT_TARGET = 15.2;
				MARKETING_VERSION = 1.0;
				PRODUCT_BUNDLE_IDENTIFIER = com.caseApp.swift.caseAppTests;
				PRODUCT_NAME = "$(TARGET_NAME)";
				SWIFT_EMIT_LOC_STRINGS = NO;
				SWIFT_VERSION = 5.0;
				TARGETED_DEVICE_FAMILY = "1,2";
				TEST_HOST = "$(BUILT_PRODUCTS_DIR)/caseApp.app/caseApp";
			};
			name = Debug;
		};
		45333EC62D5C99960062C933 /* Release */ = {
			isa = XCBuildConfiguration;
			buildSettings = {
				ALWAYS_EMBED_SWIFT_STANDARD_LIBRARIES = YES;
				BUNDLE_LOADER = "$(TEST_HOST)";
				CODE_SIGN_STYLE = Automatic;
				CURRENT_PROJECT_VERSION = 1;
				GENERATE_INFOPLIST_FILE = YES;
				IPHONEOS_DEPLOYMENT_TARGET = 15.2;
				MARKETING_VERSION = 1.0;
				PRODUCT_BUNDLE_IDENTIFIER = com.caseApp.swift.caseAppTests;
				PRODUCT_NAME = "$(TARGET_NAME)";
				SWIFT_EMIT_LOC_STRINGS = NO;
				SWIFT_VERSION = 5.0;
				TARGETED_DEVICE_FAMILY = "1,2";
				TEST_HOST = "$(BUILT_PRODUCTS_DIR)/caseApp.app/caseApp";
			};
			name = Release;
		};
		45333EC82D5C99960062C933 /* Debug */ = {
			isa = XCBuildConfiguration;
			buildSettings = {
				ALWAYS_EMBED_SWIFT_STANDARD_LIBRARIES = YES;
				CODE_SIGN_STYLE = Automatic;
				CURRENT_PROJECT_VERSION = 1;
				GENERATE_INFOPLIST_FILE = YES;
				MARKETING_VERSION = 1.0;
				PRODUCT_BUNDLE_IDENTIFIER = com.caseApp.swift.caseAppUITests;
				PRODUCT_NAME = "$(TARGET_NAME)";
				PROVISIONING_PROFILE = "";
				SWIFT_EMIT_LOC_STRINGS = NO;
				SWIFT_VERSION = 5.0;
				TARGETED_DEVICE_FAMILY = "1,2";
				TEST_TARGET_NAME = caseApp;
			};
			name = Debug;
		};
		45333EC92D5C99960062C933 /* Release */ = {
			isa = XCBuildConfiguration;
			buildSettings = {
				ALWAYS_EMBED_SWIFT_STANDARD_LIBRARIES = YES;
				CODE_SIGN_STYLE = Automatic;
				CURRENT_PROJECT_VERSION = 1;
				GENERATE_INFOPLIST_FILE = YES;
				MARKETING_VERSION = 1.0;
				PRODUCT_BUNDLE_IDENTIFIER = com.caseApp.swift.caseAppUITests;
				PRODUCT_NAME = "$(TARGET_NAME)";
				PROVISIONING_PROFILE = "";
				SWIFT_EMIT_LOC_STRINGS = NO;
				SWIFT_VERSION = 5.0;
				TARGETED_DEVICE_FAMILY = "1,2";
				TEST_TARGET_NAME = caseApp;
			};
			name = Release;
		};
/* End XCBuildConfiguration section */

/* Begin XCConfigurationList section */
		45333E922D5C99900062C933 /* Build configuration list for PBXProject "caseApp" */ = {
			isa = XCConfigurationList;
			buildConfigurations = (
				45333EBF2D5C99960062C933 /* Debug */,
				45333EC02D5C99960062C933 /* Release */,
			);
			defaultConfigurationIsVisible = 0;
			defaultConfigurationName = Release;
		};
		45333EC12D5C99960062C933 /* Build configuration list for PBXNativeTarget "caseApp" */ = {
			isa = XCConfigurationList;
			buildConfigurations = (
				45333EC22D5C99960062C933 /* Debug */,
				45333EC32D5C99960062C933 /* Release */,
			);
			defaultConfigurationIsVisible = 0;
			defaultConfigurationName = Release;
		};
		45333EC42D5C99960062C933 /* Build configuration list for PBXNativeTarget "caseAppTests" */ = {
			isa = XCConfigurationList;
			buildConfigurations = (
				45333EC52D5C99960062C933 /* Debug */,
				45333EC62D5C99960062C933 /* Release */,
			);
			defaultConfigurationIsVisible = 0;
			defaultConfigurationName = Release;
		};
		45333EC72D5C99960062C933 /* Build configuration list for PBXNativeTarget "caseAppUITests" */ = {
			isa = XCConfigurationList;
			buildConfigurations = (
				45333EC82D5C99960062C933 /* Debug */,
				45333EC92D5C99960062C933 /* Release */,
			);
			defaultConfigurationIsVisible = 0;
			defaultConfigurationName = Release;
		};
/* End XCConfigurationList section */
	};
	rootObject = 45333E8F2D5C99900062C933 /* Project object */;
}
